{
  "name": "citkat",
  "version": "0.1.0",
  "lockfileVersion": 1,
  "requires": true,
  "dependencies": {
    "bootstrap": {
      "version": "4.0.0-beta",
      "resolved": "https://registry.npmjs.org/bootstrap/-/bootstrap-4.0.0-beta.tgz",
      "integrity": "sha512-I/r3fYtUZr+rUNkh8HI+twxZ56p6ehNn27eA1XSebLVQKAJ2xZHnEvZrSR+UR2A/bONcd9gHC3xatVhQlH6R6w=="
    },
    "jquery": {
      "version": "3.2.1",
      "resolved": "https://registry.npmjs.org/jquery/-/jquery-3.2.1.tgz",
      "integrity": "sha1-XE2d5lKvbNCncBVKYxu6ErAVx4c="
    },
    "marked": {
      "version": "0.3.6",
      "resolved": "https://registry.npmjs.org/marked/-/marked-0.3.6.tgz",
      "integrity": "sha1-ssbGGPzOzk74bE/Gy4p8v1rtqNc="
    },
    "object-assign": {
      "version": "4.1.1",
      "resolved": "https://registry.npmjs.org/object-assign/-/object-assign-4.1.1.tgz",
      "integrity": "sha1-IQmtx5ZYh8/AXLvUQsrIv7s2CGM="
    },
    "octicons": {
      "version": "6.0.1",
      "resolved": "https://registry.npmjs.org/octicons/-/octicons-6.0.1.tgz",
      "integrity": "sha512-NaLn2khboD1Teg2TGQnu618FbmMedt19XKy9EaRNirBK36U/HntlvwgDvAkxgUien+f8NUeKBpBunxweIK4cCQ==",
      "requires": {
        "object-assign": "4.1.1"
      }
    },
    "popper.js": {
      "version": "1.11.1",
      "resolved": "https://registry.npmjs.org/popper.js/-/popper.js-1.11.1.tgz",
      "integrity": "sha512-wwp6RVokzjO4qh86qFeTw/zEw8y0uqB1U82LWTUExBDq8EJx/8svxDXVQB2jxTjRX+J+S++tQkbWnbOuOykZFw=="
    }
  }
}
